// !$*UTF8*$!
{
	archiveVersion = 1;
	classes = {
	};
	objectVersion = 50;
	objects = {

/* Begin PBXBuildFile section */
		11DF1E432321497C0098C7D7 /* AppDelegate.swift in Sources */ = {isa = PBXBuildFile; fileRef = 11DF1E422321497C0098C7D7 /* AppDelegate.swift */; };
		11DF1E452321497C0098C7D7 /* ForecastViewController.swift in Sources */ = {isa = PBXBuildFile; fileRef = 11DF1E442321497C0098C7D7 /* ForecastViewController.swift */; };
		11DF1E4A2321497F0098C7D7 /* Assets.xcassets in Resources */ = {isa = PBXBuildFile; fileRef = 11DF1E492321497F0098C7D7 /* Assets.xcassets */; };
		11DF1E4D2321497F0098C7D7 /* LaunchScreen.storyboard in Resources */ = {isa = PBXBuildFile; fileRef = 11DF1E4B2321497F0098C7D7 /* LaunchScreen.storyboard */; };
		11DF1E582321497F0098C7D7 /* weatherTests.swift in Sources */ = {isa = PBXBuildFile; fileRef = 11DF1E572321497F0098C7D7 /* weatherTests.swift */; };
		11DF1E632321497F0098C7D7 /* weatherUITests.swift in Sources */ = {isa = PBXBuildFile; fileRef = 11DF1E622321497F0098C7D7 /* weatherUITests.swift */; };
		11DF1E71232168AC0098C7D7 /* HTTPService.swift in Sources */ = {isa = PBXBuildFile; fileRef = 11DF1E70232168AC0098C7D7 /* HTTPService.swift */; };
		11DF1E7323216CD30098C7D7 /* URLSessionDataProtocol.swift in Sources */ = {isa = PBXBuildFile; fileRef = 11DF1E7223216CD30098C7D7 /* URLSessionDataProtocol.swift */; };
		11DF1E75232172A20098C7D7 /* WeatherService.swift in Sources */ = {isa = PBXBuildFile; fileRef = 11DF1E74232172A10098C7D7 /* WeatherService.swift */; };
		11DF1E79232189900098C7D7 /* LocationManager.swift in Sources */ = {isa = PBXBuildFile; fileRef = 11DF1E78232189900098C7D7 /* LocationManager.swift */; };
		11DF1E7B23219A830098C7D7 /* Forecast.swift in Sources */ = {isa = PBXBuildFile; fileRef = 11DF1E7A23219A830098C7D7 /* Forecast.swift */; };
		11DF1E7D2321B8FA0098C7D7 /* URL-Query.swift in Sources */ = {isa = PBXBuildFile; fileRef = 11DF1E7C2321B8FA0098C7D7 /* URL-Query.swift */; };
		11DF1E7F2323DAC00098C7D7 /* ForecastPresenter.swift in Sources */ = {isa = PBXBuildFile; fileRef = 11DF1E7E2323DAC00098C7D7 /* ForecastPresenter.swift */; };
		11DF1E8123242C920098C7D7 /* ForecastDetailFactory.swift in Sources */ = {isa = PBXBuildFile; fileRef = 11DF1E8023242C920098C7D7 /* ForecastDetailFactory.swift */; };
		11DF1E8323243E150098C7D7 /* ForecastDetailViewModel.swift in Sources */ = {isa = PBXBuildFile; fileRef = 11DF1E8223243E150098C7D7 /* ForecastDetailViewModel.swift */; };
/* End PBXBuildFile section */

/* Begin PBXContainerItemProxy section */
		11DF1E542321497F0098C7D7 /* PBXContainerItemProxy */ = {
			isa = PBXContainerItemProxy;
			containerPortal = 11DF1E372321497C0098C7D7 /* Project object */;
			proxyType = 1;
			remoteGlobalIDString = 11DF1E3E2321497C0098C7D7;
			remoteInfo = weather;
		};
		11DF1E5F2321497F0098C7D7 /* PBXContainerItemProxy */ = {
			isa = PBXContainerItemProxy;
			containerPortal = 11DF1E372321497C0098C7D7 /* Project object */;
			proxyType = 1;
			remoteGlobalIDString = 11DF1E3E2321497C0098C7D7;
			remoteInfo = weather;
		};
/* End PBXContainerItemProxy section */

/* Begin PBXFileReference section */
		11DF1E3F2321497C0098C7D7 /* weather.app */ = {isa = PBXFileReference; explicitFileType = wrapper.application; includeInIndex = 0; path = weather.app; sourceTree = BUILT_PRODUCTS_DIR; };
		11DF1E422321497C0098C7D7 /* AppDelegate.swift */ = {isa = PBXFileReference; lastKnownFileType = sourcecode.swift; path = AppDelegate.swift; sourceTree = "<group>"; };
		11DF1E442321497C0098C7D7 /* ForecastViewController.swift */ = {isa = PBXFileReference; lastKnownFileType = sourcecode.swift; path = ForecastViewController.swift; sourceTree = "<group>"; };
		11DF1E492321497F0098C7D7 /* Assets.xcassets */ = {isa = PBXFileReference; lastKnownFileType = folder.assetcatalog; path = Assets.xcassets; sourceTree = "<group>"; };
		11DF1E4C2321497F0098C7D7 /* Base */ = {isa = PBXFileReference; lastKnownFileType = file.storyboard; name = Base; path = Base.lproj/LaunchScreen.storyboard; sourceTree = "<group>"; };
		11DF1E4E2321497F0098C7D7 /* Info.plist */ = {isa = PBXFileReference; lastKnownFileType = text.plist.xml; path = Info.plist; sourceTree = "<group>"; };
		11DF1E532321497F0098C7D7 /* weatherTests.xctest */ = {isa = PBXFileReference; explicitFileType = wrapper.cfbundle; includeInIndex = 0; path = weatherTests.xctest; sourceTree = BUILT_PRODUCTS_DIR; };
		11DF1E572321497F0098C7D7 /* weatherTests.swift */ = {isa = PBXFileReference; lastKnownFileType = sourcecode.swift; path = weatherTests.swift; sourceTree = "<group>"; };
		11DF1E592321497F0098C7D7 /* Info.plist */ = {isa = PBXFileReference; lastKnownFileType = text.plist.xml; path = Info.plist; sourceTree = "<group>"; };
		11DF1E5E2321497F0098C7D7 /* weatherUITests.xctest */ = {isa = PBXFileReference; explicitFileType = wrapper.cfbundle; includeInIndex = 0; path = weatherUITests.xctest; sourceTree = BUILT_PRODUCTS_DIR; };
		11DF1E622321497F0098C7D7 /* weatherUITests.swift */ = {isa = PBXFileReference; lastKnownFileType = sourcecode.swift; path = weatherUITests.swift; sourceTree = "<group>"; };
		11DF1E642321497F0098C7D7 /* Info.plist */ = {isa = PBXFileReference; lastKnownFileType = text.plist.xml; path = Info.plist; sourceTree = "<group>"; };
		11DF1E70232168AC0098C7D7 /* HTTPService.swift */ = {isa = PBXFileReference; lastKnownFileType = sourcecode.swift; path = HTTPService.swift; sourceTree = "<group>"; };
		11DF1E7223216CD30098C7D7 /* URLSessionDataProtocol.swift */ = {isa = PBXFileReference; lastKnownFileType = sourcecode.swift; path = URLSessionDataProtocol.swift; sourceTree = "<group>"; };
		11DF1E74232172A10098C7D7 /* WeatherService.swift */ = {isa = PBXFileReference; lastKnownFileType = sourcecode.swift; path = WeatherService.swift; sourceTree = "<group>"; };
		11DF1E78232189900098C7D7 /* LocationManager.swift */ = {isa = PBXFileReference; lastKnownFileType = sourcecode.swift; path = LocationManager.swift; sourceTree = "<group>"; };
		11DF1E7A23219A830098C7D7 /* Forecast.swift */ = {isa = PBXFileReference; lastKnownFileType = sourcecode.swift; path = Forecast.swift; sourceTree = "<group>"; };
		11DF1E7C2321B8FA0098C7D7 /* URL-Query.swift */ = {isa = PBXFileReference; lastKnownFileType = sourcecode.swift; path = "URL-Query.swift"; sourceTree = "<group>"; };
		11DF1E7E2323DAC00098C7D7 /* ForecastPresenter.swift */ = {isa = PBXFileReference; lastKnownFileType = sourcecode.swift; path = ForecastPresenter.swift; sourceTree = "<group>"; };
		11DF1E8023242C920098C7D7 /* ForecastDetailFactory.swift */ = {isa = PBXFileReference; lastKnownFileType = sourcecode.swift; path = ForecastDetailFactory.swift; sourceTree = "<group>"; };
		11DF1E8223243E150098C7D7 /* ForecastDetailViewModel.swift */ = {isa = PBXFileReference; lastKnownFileType = sourcecode.swift; path = ForecastDetailViewModel.swift; sourceTree = "<group>"; };
/* End PBXFileReference section */

/* Begin PBXFrameworksBuildPhase section */
		11DF1E3C2321497C0098C7D7 /* Frameworks */ = {
			isa = PBXFrameworksBuildPhase;
			buildActionMask = 2147483647;
			files = (
			);
			runOnlyForDeploymentPostprocessing = 0;
		};
		11DF1E502321497F0098C7D7 /* Frameworks */ = {
			isa = PBXFrameworksBuildPhase;
			buildActionMask = 2147483647;
			files = (
			);
			runOnlyForDeploymentPostprocessing = 0;
		};
		11DF1E5B2321497F0098C7D7 /* Frameworks */ = {
			isa = PBXFrameworksBuildPhase;
			buildActionMask = 2147483647;
			files = (
			);
			runOnlyForDeploymentPostprocessing = 0;
		};
/* End PBXFrameworksBuildPhase section */

/* Begin PBXGroup section */
		11DF1E362321497C0098C7D7 = {
			isa = PBXGroup;
			children = (
				11DF1E412321497C0098C7D7 /* weather */,
				11DF1E562321497F0098C7D7 /* weatherTests */,
				11DF1E612321497F0098C7D7 /* weatherUITests */,
				11DF1E402321497C0098C7D7 /* Products */,
			);
			sourceTree = "<group>";
		};
		11DF1E402321497C0098C7D7 /* Products */ = {
			isa = PBXGroup;
			children = (
				11DF1E3F2321497C0098C7D7 /* weather.app */,
				11DF1E532321497F0098C7D7 /* weatherTests.xctest */,
				11DF1E5E2321497F0098C7D7 /* weatherUITests.xctest */,
			);
			name = Products;
			sourceTree = "<group>";
		};
		11DF1E412321497C0098C7D7 /* weather */ = {
			isa = PBXGroup;
			children = (
				11DF1E77232186BF0098C7D7 /* ForecastDetails */,
				11DF1E76232172C90098C7D7 /* Network */,
				11DF1E8023242C920098C7D7 /* ForecastDetailFactory.swift */,
				11DF1E422321497C0098C7D7 /* AppDelegate.swift */,
				11DF1E492321497F0098C7D7 /* Assets.xcassets */,
				11DF1E4B2321497F0098C7D7 /* LaunchScreen.storyboard */,
				11DF1E4E2321497F0098C7D7 /* Info.plist */,
			);
			path = weather;
			sourceTree = "<group>";
		};
		11DF1E562321497F0098C7D7 /* weatherTests */ = {
			isa = PBXGroup;
			children = (
				11DF1E572321497F0098C7D7 /* weatherTests.swift */,
				11DF1E592321497F0098C7D7 /* Info.plist */,
			);
			path = weatherTests;
			sourceTree = "<group>";
		};
		11DF1E612321497F0098C7D7 /* weatherUITests */ = {
			isa = PBXGroup;
			children = (
				11DF1E622321497F0098C7D7 /* weatherUITests.swift */,
				11DF1E642321497F0098C7D7 /* Info.plist */,
			);
			path = weatherUITests;
			sourceTree = "<group>";
		};
		11DF1E76232172C90098C7D7 /* Network */ = {
			isa = PBXGroup;
			children = (
				11DF1E7223216CD30098C7D7 /* URLSessionDataProtocol.swift */,
				11DF1E70232168AC0098C7D7 /* HTTPService.swift */,
				11DF1E7C2321B8FA0098C7D7 /* URL-Query.swift */,
			);
			path = Network;
			sourceTree = "<group>";
		};
		11DF1E77232186BF0098C7D7 /* ForecastDetails */ = {
			isa = PBXGroup;
			children = (
				11DF1E442321497C0098C7D7 /* ForecastViewController.swift */,
				11DF1E74232172A10098C7D7 /* WeatherService.swift */,
				11DF1E7A23219A830098C7D7 /* Forecast.swift */,
				11DF1E78232189900098C7D7 /* LocationManager.swift */,
				11DF1E7E2323DAC00098C7D7 /* ForecastPresenter.swift */,
				11DF1E8223243E150098C7D7 /* ForecastDetailViewModel.swift */,
			);
			path = ForecastDetails;
			sourceTree = "<group>";
		};
/* End PBXGroup section */

/* Begin PBXNativeTarget section */
		11DF1E3E2321497C0098C7D7 /* weather */ = {
			isa = PBXNativeTarget;
			buildConfigurationList = 11DF1E672321497F0098C7D7 /* Build configuration list for PBXNativeTarget "weather" */;
			buildPhases = (
				11DF1E3B2321497C0098C7D7 /* Sources */,
				11DF1E3C2321497C0098C7D7 /* Frameworks */,
				11DF1E3D2321497C0098C7D7 /* Resources */,
			);
			buildRules = (
			);
			dependencies = (
			);
			name = weather;
			productName = weather;
			productReference = 11DF1E3F2321497C0098C7D7 /* weather.app */;
			productType = "com.apple.product-type.application";
		};
		11DF1E522321497F0098C7D7 /* weatherTests */ = {
			isa = PBXNativeTarget;
			buildConfigurationList = 11DF1E6A2321497F0098C7D7 /* Build configuration list for PBXNativeTarget "weatherTests" */;
			buildPhases = (
				11DF1E4F2321497F0098C7D7 /* Sources */,
				11DF1E502321497F0098C7D7 /* Frameworks */,
				11DF1E512321497F0098C7D7 /* Resources */,
			);
			buildRules = (
			);
			dependencies = (
				11DF1E552321497F0098C7D7 /* PBXTargetDependency */,
			);
			name = weatherTests;
			productName = weatherTests;
			productReference = 11DF1E532321497F0098C7D7 /* weatherTests.xctest */;
			productType = "com.apple.product-type.bundle.unit-test";
		};
		11DF1E5D2321497F0098C7D7 /* weatherUITests */ = {
			isa = PBXNativeTarget;
			buildConfigurationList = 11DF1E6D2321497F0098C7D7 /* Build configuration list for PBXNativeTarget "weatherUITests" */;
			buildPhases = (
				11DF1E5A2321497F0098C7D7 /* Sources */,
				11DF1E5B2321497F0098C7D7 /* Frameworks */,
				11DF1E5C2321497F0098C7D7 /* Resources */,
			);
			buildRules = (
			);
			dependencies = (
				11DF1E602321497F0098C7D7 /* PBXTargetDependency */,
			);
			name = weatherUITests;
			productName = weatherUITests;
			productReference = 11DF1E5E2321497F0098C7D7 /* weatherUITests.xctest */;
			productType = "com.apple.product-type.bundle.ui-testing";
		};
/* End PBXNativeTarget section */

/* Begin PBXProject section */
		11DF1E372321497C0098C7D7 /* Project object */ = {
			isa = PBXProject;
			attributes = {
				LastSwiftUpdateCheck = 1030;
				LastUpgradeCheck = 1030;
				ORGANIZATIONNAME = "Kabakci, Eren";
				TargetAttributes = {
					11DF1E3E2321497C0098C7D7 = {
						CreatedOnToolsVersion = 10.3;
					};
					11DF1E522321497F0098C7D7 = {
						CreatedOnToolsVersion = 10.3;
						TestTargetID = 11DF1E3E2321497C0098C7D7;
					};
					11DF1E5D2321497F0098C7D7 = {
						CreatedOnToolsVersion = 10.3;
						TestTargetID = 11DF1E3E2321497C0098C7D7;
					};
				};
			};
			buildConfigurationList = 11DF1E3A2321497C0098C7D7 /* Build configuration list for PBXProject "weather" */;
			compatibilityVersion = "Xcode 9.3";
			developmentRegion = en;
			hasScannedForEncodings = 0;
			knownRegions = (
				en,
				Base,
			);
			mainGroup = 11DF1E362321497C0098C7D7;
			productRefGroup = 11DF1E402321497C0098C7D7 /* Products */;
			projectDirPath = "";
			projectRoot = "";
			targets = (
				11DF1E3E2321497C0098C7D7 /* weather */,
				11DF1E522321497F0098C7D7 /* weatherTests */,
				11DF1E5D2321497F0098C7D7 /* weatherUITests */,
			);
		};
/* End PBXProject section */

/* Begin PBXResourcesBuildPhase section */
		11DF1E3D2321497C0098C7D7 /* Resources */ = {
			isa = PBXResourcesBuildPhase;
			buildActionMask = 2147483647;
			files = (
				11DF1E4D2321497F0098C7D7 /* LaunchScreen.storyboard in Resources */,
				11DF1E4A2321497F0098C7D7 /* Assets.xcassets in Resources */,
			);
			runOnlyForDeploymentPostprocessing = 0;
		};
		11DF1E512321497F0098C7D7 /* Resources */ = {
			isa = PBXResourcesBuildPhase;
			buildActionMask = 2147483647;
			files = (
			);
			runOnlyForDeploymentPostprocessing = 0;
		};
		11DF1E5C2321497F0098C7D7 /* Resources */ = {
			isa = PBXResourcesBuildPhase;
			buildActionMask = 2147483647;
			files = (
			);
			runOnlyForDeploymentPostprocessing = 0;
		};
/* End PBXResourcesBuildPhase section */

/* Begin PBXSourcesBuildPhase section */
		11DF1E3B2321497C0098C7D7 /* Sources */ = {
			isa = PBXSourcesBuildPhase;
			buildActionMask = 2147483647;
			files = (
				11DF1E8323243E150098C7D7 /* ForecastDetailViewModel.swift in Sources */,
				11DF1E7D2321B8FA0098C7D7 /* URL-Query.swift in Sources */,
				11DF1E75232172A20098C7D7 /* WeatherService.swift in Sources */,
				11DF1E8123242C920098C7D7 /* ForecastDetailFactory.swift in Sources */,
				11DF1E71232168AC0098C7D7 /* HTTPService.swift in Sources */,
				11DF1E79232189900098C7D7 /* LocationManager.swift in Sources */,
				11DF1E7B23219A830098C7D7 /* Forecast.swift in Sources */,
				11DF1E452321497C0098C7D7 /* ForecastViewController.swift in Sources */,
				11DF1E7323216CD30098C7D7 /* URLSessionDataProtocol.swift in Sources */,
				11DF1E432321497C0098C7D7 /* AppDelegate.swift in Sources */,
				11DF1E7F2323DAC00098C7D7 /* ForecastPresenter.swift in Sources */,
			);
			runOnlyForDeploymentPostprocessing = 0;
		};
		11DF1E4F2321497F0098C7D7 /* Sources */ = {
			isa = PBXSourcesBuildPhase;
			buildActionMask = 2147483647;
			files = (
				11DF1E582321497F0098C7D7 /* weatherTests.swift in Sources */,
			);
			runOnlyForDeploymentPostprocessing = 0;
		};
		11DF1E5A2321497F0098C7D7 /* Sources */ = {
			isa = PBXSourcesBuildPhase;
			buildActionMask = 2147483647;
			files = (
				11DF1E632321497F0098C7D7 /* weatherUITests.swift in Sources */,
			);
			runOnlyForDeploymentPostprocessing = 0;
		};
/* End PBXSourcesBuildPhase section */

/* Begin PBXTargetDependency section */
		11DF1E552321497F0098C7D7 /* PBXTargetDependency */ = {
			isa = PBXTargetDependency;
			target = 11DF1E3E2321497C0098C7D7 /* weather */;
			targetProxy = 11DF1E542321497F0098C7D7 /* PBXContainerItemProxy */;
		};
		11DF1E602321497F0098C7D7 /* PBXTargetDependency */ = {
			isa = PBXTargetDependency;
			target = 11DF1E3E2321497C0098C7D7 /* weather */;
			targetProxy = 11DF1E5F2321497F0098C7D7 /* PBXContainerItemProxy */;
		};
/* End PBXTargetDependency section */

/* Begin PBXVariantGroup section */
		11DF1E4B2321497F0098C7D7 /* LaunchScreen.storyboard */ = {
			isa = PBXVariantGroup;
			children = (
				11DF1E4C2321497F0098C7D7 /* Base */,
			);
			name = LaunchScreen.storyboard;
			sourceTree = "<group>";
		};
/* End PBXVariantGroup section */

/* Begin XCBuildConfiguration section */
		11DF1E652321497F0098C7D7 /* Debug */ = {
			isa = XCBuildConfiguration;
			buildSettings = {
				ALWAYS_SEARCH_USER_PATHS = NO;
				CLANG_ANALYZER_NONNULL = YES;
				CLANG_ANALYZER_NUMBER_OBJECT_CONVERSION = YES_AGGRESSIVE;
				CLANG_CXX_LANGUAGE_STANDARD = "gnu++14";
				CLANG_CXX_LIBRARY = "libc++";
				CLANG_ENABLE_MODULES = YES;
				CLANG_ENABLE_OBJC_ARC = YES;
				CLANG_ENABLE_OBJC_WEAK = YES;
				CLANG_WARN_BLOCK_CAPTURE_AUTORELEASING = YES;
				CLANG_WARN_BOOL_CONVERSION = YES;
				CLANG_WARN_COMMA = YES;
				CLANG_WARN_CONSTANT_CONVERSION = YES;
				CLANG_WARN_DEPRECATED_OBJC_IMPLEMENTATIONS = YES;
				CLANG_WARN_DIRECT_OBJC_ISA_USAGE = YES_ERROR;
				CLANG_WARN_DOCUMENTATION_COMMENTS = YES;
				CLANG_WARN_EMPTY_BODY = YES;
				CLANG_WARN_ENUM_CONVERSION = YES;
				CLANG_WARN_INFINITE_RECURSION = YES;
				CLANG_WARN_INT_CONVERSION = YES;
				CLANG_WARN_NON_LITERAL_NULL_CONVERSION = YES;
				CLANG_WARN_OBJC_IMPLICIT_RETAIN_SELF = YES;
				CLANG_WARN_OBJC_LITERAL_CONVERSION = YES;
				CLANG_WARN_OBJC_ROOT_CLASS = YES_ERROR;
				CLANG_WARN_RANGE_LOOP_ANALYSIS = YES;
				CLANG_WARN_STRICT_PROTOTYPES = YES;
				CLANG_WARN_SUSPICIOUS_MOVE = YES;
				CLANG_WARN_UNGUARDED_AVAILABILITY = YES_AGGRESSIVE;
				CLANG_WARN_UNREACHABLE_CODE = YES;
				CLANG_WARN__DUPLICATE_METHOD_MATCH = YES;
				CODE_SIGN_IDENTITY = "iPhone Developer";
				COPY_PHASE_STRIP = NO;
				DEBUG_INFORMATION_FORMAT = dwarf;
				ENABLE_STRICT_OBJC_MSGSEND = YES;
				ENABLE_TESTABILITY = YES;
				GCC_C_LANGUAGE_STANDARD = gnu11;
				GCC_DYNAMIC_NO_PIC = NO;
				GCC_NO_COMMON_BLOCKS = YES;
				GCC_OPTIMIZATION_LEVEL = 0;
				GCC_PREPROCESSOR_DEFINITIONS = (
					"DEBUG=1",
					"$(inherited)",
				);
				GCC_WARN_64_TO_32_BIT_CONVERSION = YES;
				GCC_WARN_ABOUT_RETURN_TYPE = YES_ERROR;
				GCC_WARN_UNDECLARED_SELECTOR = YES;
				GCC_WARN_UNINITIALIZED_AUTOS = YES_AGGRESSIVE;
				GCC_WARN_UNUSED_FUNCTION = YES;
				GCC_WARN_UNUSED_VARIABLE = YES;
				IPHONEOS_DEPLOYMENT_TARGET = 12.4;
				MTL_ENABLE_DEBUG_INFO = INCLUDE_SOURCE;
				MTL_FAST_MATH = YES;
				ONLY_ACTIVE_ARCH = YES;
				SDKROOT = iphoneos;
				SWIFT_ACTIVE_COMPILATION_CONDITIONS = DEBUG;
				SWIFT_OPTIMIZATION_LEVEL = "-Onone";
			};
			name = Debug;
		};
		11DF1E662321497F0098C7D7 /* Release */ = {
			isa = XCBuildConfiguration;
			buildSettings = {
				ALWAYS_SEARCH_USER_PATHS = NO;
				CLANG_ANALYZER_NONNULL = YES;
				CLANG_ANALYZER_NUMBER_OBJECT_CONVERSION = YES_AGGRESSIVE;
				CLANG_CXX_LANGUAGE_STANDARD = "gnu++14";
				CLANG_CXX_LIBRARY = "libc++";
				CLANG_ENABLE_MODULES = YES;
				CLANG_ENABLE_OBJC_ARC = YES;
				CLANG_ENABLE_OBJC_WEAK = YES;
				CLANG_WARN_BLOCK_CAPTURE_AUTORELEASING = YES;
				CLANG_WARN_BOOL_CONVERSION = YES;
				CLANG_WARN_COMMA = YES;
				CLANG_WARN_CONSTANT_CONVERSION = YES;
				CLANG_WARN_DEPRECATED_OBJC_IMPLEMENTATIONS = YES;
				CLANG_WARN_DIRECT_OBJC_ISA_USAGE = YES_ERROR;
				CLANG_WARN_DOCUMENTATION_COMMENTS = YES;
				CLANG_WARN_EMPTY_BODY = YES;
				CLANG_WARN_ENUM_CONVERSION = YES;
				CLANG_WARN_INFINITE_RECURSION = YES;
				CLANG_WARN_INT_CONVERSION = YES;
				CLANG_WARN_NON_LITERAL_NULL_CONVERSION = YES;
				CLANG_WARN_OBJC_IMPLICIT_RETAIN_SELF = YES;
				CLANG_WARN_OBJC_LITERAL_CONVERSION = YES;
				CLANG_WARN_OBJC_ROOT_CLASS = YES_ERROR;
				CLANG_WARN_RANGE_LOOP_ANALYSIS = YES;
				CLANG_WARN_STRICT_PROTOTYPES = YES;
				CLANG_WARN_SUSPICIOUS_MOVE = YES;
				CLANG_WARN_UNGUARDED_AVAILABILITY = YES_AGGRESSIVE;
				CLANG_WARN_UNREACHABLE_CODE = YES;
				CLANG_WARN__DUPLICATE_METHOD_MATCH = YES;
				CODE_SIGN_IDENTITY = "iPhone Developer";
				COPY_PHASE_STRIP = NO;
				DEBUG_INFORMATION_FORMAT = "dwarf-with-dsym";
				ENABLE_NS_ASSERTIONS = NO;
				ENABLE_STRICT_OBJC_MSGSEND = YES;
				GCC_C_LANGUAGE_STANDARD = gnu11;
				GCC_NO_COMMON_BLOCKS = YES;
				GCC_WARN_64_TO_32_BIT_CONVERSION = YES;
				GCC_WARN_ABOUT_RETURN_TYPE = YES_ERROR;
				GCC_WARN_UNDECLARED_SELECTOR = YES;
				GCC_WARN_UNINITIALIZED_AUTOS = YES_AGGRESSIVE;
				GCC_WARN_UNUSED_FUNCTION = YES;
				GCC_WARN_UNUSED_VARIABLE = YES;
				IPHONEOS_DEPLOYMENT_TARGET = 12.4;
				MTL_ENABLE_DEBUG_INFO = NO;
				MTL_FAST_MATH = YES;
				SDKROOT = iphoneos;
				SWIFT_COMPILATION_MODE = wholemodule;
				SWIFT_OPTIMIZATION_LEVEL = "-O";
				VALIDATE_PRODUCT = YES;
			};
			name = Release;
		};
		11DF1E682321497F0098C7D7 /* Debug */ = {
			isa = XCBuildConfiguration;
			buildSettings = {
				ASSETCATALOG_COMPILER_APPICON_NAME = AppIcon;
				CODE_SIGN_STYLE = Manual;
				DEVELOPMENT_TEAM = "";
				INFOPLIST_FILE = weather/Info.plist;
				LD_RUNPATH_SEARCH_PATHS = (
					"$(inherited)",
					"@executable_path/Frameworks",
				);
				PRODUCT_BUNDLE_IDENTIFIER = com.weather.weather;
				PRODUCT_NAME = "$(TARGET_NAME)";
				PROVISIONING_PROFILE_SPECIFIER = "";
				SWIFT_VERSION = 5.0;
				TARGETED_DEVICE_FAMILY = "1,2";
			};
			name = Debug;
		};
		11DF1E692321497F0098C7D7 /* Release */ = {
			isa = XCBuildConfiguration;
			buildSettings = {
				ASSETCATALOG_COMPILER_APPICON_NAME = AppIcon;
				CODE_SIGN_STYLE = Manual;
				DEVELOPMENT_TEAM = "";
				INFOPLIST_FILE = weather/Info.plist;
				LD_RUNPATH_SEARCH_PATHS = (
					"$(inherited)",
					"@executable_path/Frameworks",
				);
				PRODUCT_BUNDLE_IDENTIFIER = com.weather.weather;
				PRODUCT_NAME = "$(TARGET_NAME)";
				PROVISIONING_PROFILE_SPECIFIER = "";
				SWIFT_VERSION = 5.0;
				TARGETED_DEVICE_FAMILY = "1,2";
			};
			name = Release;
		};
		11DF1E6B2321497F0098C7D7 /* Debug */ = {
			isa = XCBuildConfiguration;
			buildSettings = {
				ALWAYS_EMBED_SWIFT_STANDARD_LIBRARIES = YES;
				BUNDLE_LOADER = "$(TEST_HOST)";
				CODE_SIGN_STYLE = Automatic;
				DEVELOPMENT_TEAM = 9YCXXBSBKG;
				INFOPLIST_FILE = weatherTests/Info.plist;
				LD_RUNPATH_SEARCH_PATHS = (
					"$(inherited)",
					"@executable_path/Frameworks",
					"@loader_path/Frameworks",
				);
				PRODUCT_BUNDLE_IDENTIFIER = com.weather.weatherTests;
				PRODUCT_NAME = "$(TARGET_NAME)";
				SWIFT_VERSION = 5.0;
				TARGETED_DEVICE_FAMILY = "1,2";
				TEST_HOST = "$(BUILT_PRODUCTS_DIR)/weather.app/weather";
			};
			name = Debug;
		};
		11DF1E6C2321497F0098C7D7 /* Release */ = {
			isa = XCBuildConfiguration;
			buildSettings = {
				ALWAYS_EMBED_SWIFT_STANDARD_LIBRARIES = YES;
				BUNDLE_LOADER = "$(TEST_HOST)";
				CODE_SIGN_STYLE = Automatic;
				DEVELOPMENT_TEAM = 9YCXXBSBKG;
				INFOPLIST_FILE = weatherTests/Info.plist;
				LD_RUNPATH_SEARCH_PATHS = (
					"$(inherited)",
					"@executable_path/Frameworks",
					"@loader_path/Frameworks",
				);
				PRODUCT_BUNDLE_IDENTIFIER = com.weather.weatherTests;
				PRODUCT_NAME = "$(TARGET_NAME)";
				SWIFT_VERSION = 5.0;
				TARGETED_DEVICE_FAMILY = "1,2";
				TEST_HOST = "$(BUILT_PRODUCTS_DIR)/weather.app/weather";
			};
			name = Release;
		};
		11DF1E6E2321497F0098C7D7 /* Debug */ = {
			isa = XCBuildConfiguration;
			buildSettings = {
				ALWAYS_EMBED_SWIFT_STANDARD_LIBRARIES = YES;
				CODE_SIGN_STYLE = Automatic;
				DEVELOPMENT_TEAM = 9YCXXBSBKG;
				INFOPLIST_FILE = weatherUITests/Info.plist;
				LD_RUNPATH_SEARCH_PATHS = (
					"$(inherited)",
					"@executable_path/Frameworks",
					"@loader_path/Frameworks",
				);
				PRODUCT_BUNDLE_IDENTIFIER = com.weather.weatherUITests;
				PRODUCT_NAME = "$(TARGET_NAME)";
				SWIFT_VERSION = 5.0;
				TARGETED_DEVICE_FAMILY = "1,2";
				TEST_TARGET_NAME = weather;
			};
			name = Debug;
		};
		11DF1E6F2321497F0098C7D7 /* Release */ = {
			isa = XCBuildConfiguration;
			buildSettings = {
				ALWAYS_EMBED_SWIFT_STANDARD_LIBRARIES = YES;
				CODE_SIGN_STYLE = Automatic;
				DEVELOPMENT_TEAM = 9YCXXBSBKG;
				INFOPLIST_FILE = weatherUITests/Info.plist;
				LD_RUNPATH_SEARCH_PATHS = (
					"$(inherited)",
					"@executable_path/Frameworks",
					"@loader_path/Frameworks",
				);
				PRODUCT_BUNDLE_IDENTIFIER = com.weather.weatherUITests;
				PRODUCT_NAME = "$(TARGET_NAME)";
				SWIFT_VERSION = 5.0;
				TARGETED_DEVICE_FAMILY = "1,2";
				TEST_TARGET_NAME = weather;
			};
			name = Release;
		};
/* End XCBuildConfiguration section */

/* Begin XCConfigurationList section */
		11DF1E3A2321497C0098C7D7 /* Build configuration list for PBXProject "weather" */ = {
			isa = XCConfigurationList;
			buildConfigurations = (
				11DF1E652321497F0098C7D7 /* Debug */,
				11DF1E662321497F0098C7D7 /* Release */,
			);
			defaultConfigurationIsVisible = 0;
			defaultConfigurationName = Release;
		};
		11DF1E672321497F0098C7D7 /* Build configuration list for PBXNativeTarget "weather" */ = {
			isa = XCConfigurationList;
			buildConfigurations = (
				11DF1E682321497F0098C7D7 /* Debug */,
				11DF1E692321497F0098C7D7 /* Release */,
			);
			defaultConfigurationIsVisible = 0;
			defaultConfigurationName = Release;
		};
		11DF1E6A2321497F0098C7D7 /* Build configuration list for PBXNativeTarget "weatherTests" */ = {
			isa = XCConfigurationList;
			buildConfigurations = (
				11DF1E6B2321497F0098C7D7 /* Debug */,
				11DF1E6C2321497F0098C7D7 /* Release */,
			);
			defaultConfigurationIsVisible = 0;
			defaultConfigurationName = Release;
		};
		11DF1E6D2321497F0098C7D7 /* Build configuration list for PBXNativeTarget "weatherUITests" */ = {
			isa = XCConfigurationList;
			buildConfigurations = (
				11DF1E6E2321497F0098C7D7 /* Debug */,
				11DF1E6F2321497F0098C7D7 /* Release */,
			);
			defaultConfigurationIsVisible = 0;
			defaultConfigurationName = Release;
		};
/* End XCConfigurationList section */
	};
	rootObject = 11DF1E372321497C0098C7D7 /* Project object */;
}
